# generated by rye
# use `rye lock` or `rye sync` to update this lockfile
#
# last locked with the following flags:
#   pre: false
#   features: []
#   all-features: false
#   with-sources: false
#   generate-hashes: false
#   universal: false

-e file:.
altgraph==0.17.4
    # via macholib
    # via pyinstaller
click==8.1.8
    # via powerchime-log-analyzer
importlib-metadata==8.5.0
    # via pyinstaller
    # via pyinstaller-hooks-contrib
macholib==1.16.3
    # via pyinstaller
packaging==25.0
    # via pyinstaller
    # via pyinstaller-hooks-contrib
pyinstaller==6.15.0
pyinstaller-hooks-contrib==2025.8
    # via pyinstaller
setuptools==75.3.2
    # via pyinstaller
    # via pyinstaller-hooks-contrib
zipp==3.20.2
    # via importlib-metadata
